// !$*UTF8*$!
{
	archiveVersion = 1;
	classes = {
	};
	objectVersion = 46;
	objects = {

/* Begin PBXBuildFile section */
		BD77444F1E625DAF00B294DB /* AppDelegate.swift in Sources */ = {isa = PBXBuildFile; fileRef = BD77444E1E625DAF00B294DB /* AppDelegate.swift */; };
		BD7744541E625DAF00B294DB /* Main.storyboard in Resources */ = {isa = PBXBuildFile; fileRef = BD7744521E625DAF00B294DB /* Main.storyboard */; };
		BD7744561E625DAF00B294DB /* Assets.xcassets in Resources */ = {isa = PBXBuildFile; fileRef = BD7744551E625DAF00B294DB /* Assets.xcassets */; };
		BD7744591E625DAF00B294DB /* LaunchScreen.storyboard in Resources */ = {isa = PBXBuildFile; fileRef = BD7744571E625DAF00B294DB /* LaunchScreen.storyboard */; };
		BD7744631E625EB600B294DB /* PinterViewController.swift in Sources */ = {isa = PBXBuildFile; fileRef = BD7744621E625EB600B294DB /* PinterViewController.swift */; };
		BD7744661E625EDB00B294DB /* PinterCollectionViewCell.swift in Sources */ = {isa = PBXBuildFile; fileRef = BD7744641E625EDB00B294DB /* PinterCollectionViewCell.swift */; };
		BD7744671E625EDB00B294DB /* PinterCollectionViewCell.xib in Resources */ = {isa = PBXBuildFile; fileRef = BD7744651E625EDB00B294DB /* PinterCollectionViewCell.xib */; };
		BD77446A1E6262A300B294DB /* NSObjectExtension.swift in Sources */ = {isa = PBXBuildFile; fileRef = BD7744691E6262A300B294DB /* NSObjectExtension.swift */; };
		BD77446C1E6262C400B294DB /* UICollectionViewExtension.swift in Sources */ = {isa = PBXBuildFile; fileRef = BD77446B1E6262C400B294DB /* UICollectionViewExtension.swift */; };
		BD77446E1E626C8600B294DB /* PinterCollectionViewLayout.swift in Sources */ = {isa = PBXBuildFile; fileRef = BD77446D1E626C8600B294DB /* PinterCollectionViewLayout.swift */; };
		BD7744701E626C9D00B294DB /* PinterCollectionViewLayoutAttributes.swift in Sources */ = {isa = PBXBuildFile; fileRef = BD77446F1E626C9D00B294DB /* PinterCollectionViewLayoutAttributes.swift */; };
		BD7744731E62800600B294DB /* Article.swift in Sources */ = {isa = PBXBuildFile; fileRef = BD7744721E62800600B294DB /* Article.swift */; };
		BD7744751E6281CA00B294DB /* StringExtension.swift in Sources */ = {isa = PBXBuildFile; fileRef = BD7744741E6281CA00B294DB /* StringExtension.swift */; };
/* End PBXBuildFile section */

/* Begin PBXFileReference section */
		BD77444B1E625DAF00B294DB /* pinter.app */ = {isa = PBXFileReference; explicitFileType = wrapper.application; includeInIndex = 0; path = pinter.app; sourceTree = BUILT_PRODUCTS_DIR; };
		BD77444E1E625DAF00B294DB /* AppDelegate.swift */ = {isa = PBXFileReference; lastKnownFileType = sourcecode.swift; path = AppDelegate.swift; sourceTree = "<group>"; };
		BD7744531E625DAF00B294DB /* Base */ = {isa = PBXFileReference; lastKnownFileType = file.storyboard; name = Base; path = Base.lproj/Main.storyboard; sourceTree = "<group>"; };
		BD7744551E625DAF00B294DB /* Assets.xcassets */ = {isa = PBXFileReference; lastKnownFileType = folder.assetcatalog; path = Assets.xcassets; sourceTree = "<group>"; };
		BD7744581E625DAF00B294DB /* Base */ = {isa = PBXFileReference; lastKnownFileType = file.storyboard; name = Base; path = Base.lproj/LaunchScreen.storyboard; sourceTree = "<group>"; };
		BD77445A1E625DAF00B294DB /* Info.plist */ = {isa = PBXFileReference; lastKnownFileType = text.plist.xml; path = Info.plist; sourceTree = "<group>"; };
		BD7744621E625EB600B294DB /* PinterViewController.swift */ = {isa = PBXFileReference; fileEncoding = 4; lastKnownFileType = sourcecode.swift; path = PinterViewController.swift; sourceTree = "<group>"; };
		BD7744641E625EDB00B294DB /* PinterCollectionViewCell.swift */ = {isa = PBXFileReference; fileEncoding = 4; lastKnownFileType = sourcecode.swift; path = PinterCollectionViewCell.swift; sourceTree = "<group>"; };
		BD7744651E625EDB00B294DB /* PinterCollectionViewCell.xib */ = {isa = PBXFileReference; fileEncoding = 4; lastKnownFileType = file.xib; path = PinterCollectionViewCell.xib; sourceTree = "<group>"; };
		BD7744691E6262A300B294DB /* NSObjectExtension.swift */ = {isa = PBXFileReference; fileEncoding = 4; lastKnownFileType = sourcecode.swift; path = NSObjectExtension.swift; sourceTree = "<group>"; };
		BD77446B1E6262C400B294DB /* UICollectionViewExtension.swift */ = {isa = PBXFileReference; fileEncoding = 4; lastKnownFileType = sourcecode.swift; path = UICollectionViewExtension.swift; sourceTree = "<group>"; };
		BD77446D1E626C8600B294DB /* PinterCollectionViewLayout.swift */ = {isa = PBXFileReference; fileEncoding = 4; lastKnownFileType = sourcecode.swift; path = PinterCollectionViewLayout.swift; sourceTree = "<group>"; };
		BD77446F1E626C9D00B294DB /* PinterCollectionViewLayoutAttributes.swift */ = {isa = PBXFileReference; fileEncoding = 4; lastKnownFileType = sourcecode.swift; path = PinterCollectionViewLayoutAttributes.swift; sourceTree = "<group>"; };
		BD7744721E62800600B294DB /* Article.swift */ = {isa = PBXFileReference; fileEncoding = 4; lastKnownFileType = sourcecode.swift; path = Article.swift; sourceTree = "<group>"; };
		BD7744741E6281CA00B294DB /* StringExtension.swift */ = {isa = PBXFileReference; fileEncoding = 4; lastKnownFileType = sourcecode.swift; path = StringExtension.swift; sourceTree = "<group>"; };
/* End PBXFileReference section */

/* Begin PBXFrameworksBuildPhase section */
		BD7744481E625DAF00B294DB /* Frameworks */ = {
			isa = PBXFrameworksBuildPhase;
			buildActionMask = 2147483647;
			files = (
			);
			runOnlyForDeploymentPostprocessing = 0;
		};
/* End PBXFrameworksBuildPhase section */

/* Begin PBXGroup section */
		BD7744421E625DAF00B294DB = {
			isa = PBXGroup;
			children = (
				BD77444D1E625DAF00B294DB /* pinter */,
				BD77444C1E625DAF00B294DB /* Products */,
			);
			sourceTree = "<group>";
		};
		BD77444C1E625DAF00B294DB /* Products */ = {
			isa = PBXGroup;
			children = (
				BD77444B1E625DAF00B294DB /* pinter.app */,
			);
			name = Products;
			sourceTree = "<group>";
		};
		BD77444D1E625DAF00B294DB /* pinter */ = {
			isa = PBXGroup;
			children = (
				BD7744711E627FE000B294DB /* Models */,
				BD7744601E625E8F00B294DB /* ViewControllers */,
				BD7744611E625E9900B294DB /* Views */,
				BD7744681E62628600B294DB /* Extensions */,
				BD77444E1E625DAF00B294DB /* AppDelegate.swift */,
				BD7744521E625DAF00B294DB /* Main.storyboard */,
				BD7744551E625DAF00B294DB /* Assets.xcassets */,
				BD7744571E625DAF00B294DB /* LaunchScreen.storyboard */,
				BD77445A1E625DAF00B294DB /* Info.plist */,
			);
			path = pinter;
			sourceTree = "<group>";
		};
		BD7744601E625E8F00B294DB /* ViewControllers */ = {
			isa = PBXGroup;
			children = (
				BD7744621E625EB600B294DB /* PinterViewController.swift */,
			);
			path = ViewControllers;
			sourceTree = "<group>";
		};
		BD7744611E625E9900B294DB /* Views */ = {
			isa = PBXGroup;
			children = (
				BD7744641E625EDB00B294DB /* PinterCollectionViewCell.swift */,
				BD7744651E625EDB00B294DB /* PinterCollectionViewCell.xib */,
				BD77446D1E626C8600B294DB /* PinterCollectionViewLayout.swift */,
				BD77446F1E626C9D00B294DB /* PinterCollectionViewLayoutAttributes.swift */,
			);
			path = Views;
			sourceTree = "<group>";
		};
		BD7744681E62628600B294DB /* Extensions */ = {
			isa = PBXGroup;
			children = (
				BD7744691E6262A300B294DB /* NSObjectExtension.swift */,
				BD77446B1E6262C400B294DB /* UICollectionViewExtension.swift */,
				BD7744741E6281CA00B294DB /* StringExtension.swift */,
			);
			path = Extensions;
			sourceTree = "<group>";
		};
		BD7744711E627FE000B294DB /* Models */ = {
			isa = PBXGroup;
			children = (
				BD7744721E62800600B294DB /* Article.swift */,
			);
			path = Models;
			sourceTree = "<group>";
		};
/* End PBXGroup section */

/* Begin PBXNativeTarget section */
		BD77444A1E625DAF00B294DB /* pinter */ = {
			isa = PBXNativeTarget;
			buildConfigurationList = BD77445D1E625DAF00B294DB /* Build configuration list for PBXNativeTarget "pinter" */;
			buildPhases = (
				BD7744471E625DAF00B294DB /* Sources */,
				BD7744481E625DAF00B294DB /* Frameworks */,
				BD7744491E625DAF00B294DB /* Resources */,
			);
			buildRules = (
			);
			dependencies = (
			);
			name = pinter;
			productName = pinter;
			productReference = BD77444B1E625DAF00B294DB /* pinter.app */;
			productType = "com.apple.product-type.application";
		};
/* End PBXNativeTarget section */

/* Begin PBXProject section */
		BD7744431E625DAF00B294DB /* Project object */ = {
			isa = PBXProject;
			attributes = {
				LastSwiftUpdateCheck = 0820;
				LastUpgradeCheck = 0820;
				ORGANIZATIONNAME = toosaa;
				TargetAttributes = {
					BD77444A1E625DAF00B294DB = {
						CreatedOnToolsVersion = 8.2.1;
						DevelopmentTeam = 62B42V52L5;
						ProvisioningStyle = Automatic;
					};
				};
			};
			buildConfigurationList = BD7744461E625DAF00B294DB /* Build configuration list for PBXProject "pinter" */;
			compatibilityVersion = "Xcode 3.2";
			developmentRegion = English;
			hasScannedForEncodings = 0;
			knownRegions = (
				en,
				Base,
			);
			mainGroup = BD7744421E625DAF00B294DB;
			productRefGroup = BD77444C1E625DAF00B294DB /* Products */;
			projectDirPath = "";
			projectRoot = "";
			targets = (
				BD77444A1E625DAF00B294DB /* pinter */,
			);
		};
/* End PBXProject section */

/* Begin PBXResourcesBuildPhase section */
		BD7744491E625DAF00B294DB /* Resources */ = {
			isa = PBXResourcesBuildPhase;
			buildActionMask = 2147483647;
			files = (
				BD7744591E625DAF00B294DB /* LaunchScreen.storyboard in Resources */,
				BD7744561E625DAF00B294DB /* Assets.xcassets in Resources */,
				BD7744671E625EDB00B294DB /* PinterCollectionViewCell.xib in Resources */,
				BD7744541E625DAF00B294DB /* Main.storyboard in Resources */,
			);
			runOnlyForDeploymentPostprocessing = 0;
		};
/* End PBXResourcesBuildPhase section */

/* Begin PBXSourcesBuildPhase section */
		BD7744471E625DAF00B294DB /* Sources */ = {
			isa = PBXSourcesBuildPhase;
			buildActionMask = 2147483647;
			files = (
				BD7744631E625EB600B294DB /* PinterViewController.swift in Sources */,
				BD7744661E625EDB00B294DB /* PinterCollectionViewCell.swift in Sources */,
				BD7744701E626C9D00B294DB /* PinterCollectionViewLayoutAttributes.swift in Sources */,
				BD77446E1E626C8600B294DB /* PinterCollectionViewLayout.swift in Sources */,
				BD7744731E62800600B294DB /* Article.swift in Sources */,
				BD7744751E6281CA00B294DB /* StringExtension.swift in Sources */,
				BD77444F1E625DAF00B294DB /* AppDelegate.swift in Sources */,
				BD77446A1E6262A300B294DB /* NSObjectExtension.swift in Sources */,
				BD77446C1E6262C400B294DB /* UICollectionViewExtension.swift in Sources */,
			);
			runOnlyForDeploymentPostprocessing = 0;
		};
/* End PBXSourcesBuildPhase section */

/* Begin PBXVariantGroup section */
		BD7744521E625DAF00B294DB /* Main.storyboard */ = {
			isa = PBXVariantGroup;
			children = (
				BD7744531E625DAF00B294DB /* Base */,
			);
			name = Main.storyboard;
			sourceTree = "<group>";
		};
		BD7744571E625DAF00B294DB /* LaunchScreen.storyboard */ = {
			isa = PBXVariantGroup;
			children = (
				BD7744581E625DAF00B294DB /* Base */,
			);
			name = LaunchScreen.storyboard;
			sourceTree = "<group>";
		};
/* End PBXVariantGroup section */

/* Begin XCBuildConfiguration section */
		BD77445B1E625DAF00B294DB /* Debug */ = {
			isa = XCBuildConfiguration;
			buildSettings = {
				ALWAYS_SEARCH_USER_PATHS = NO;
				CLANG_ANALYZER_NONNULL = YES;
				CLANG_CXX_LANGUAGE_STANDARD = "gnu++0x";
				CLANG_CXX_LIBRARY = "libc++";
				CLANG_ENABLE_MODULES = YES;
				CLANG_ENABLE_OBJC_ARC = YES;
				CLANG_WARN_BOOL_CONVERSION = YES;
				CLANG_WARN_CONSTANT_CONVERSION = YES;
				CLANG_WARN_DIRECT_OBJC_ISA_USAGE = YES_ERROR;
				CLANG_WARN_DOCUMENTATION_COMMENTS = YES;
				CLANG_WARN_EMPTY_BODY = YES;
				CLANG_WARN_ENUM_CONVERSION = YES;
				CLANG_WARN_INFINITE_RECURSION = YES;
				CLANG_WARN_INT_CONVERSION = YES;
				CLANG_WARN_OBJC_ROOT_CLASS = YES_ERROR;
				CLANG_WARN_SUSPICIOUS_MOVE = YES;
				CLANG_WARN_UNREACHABLE_CODE = YES;
				CLANG_WARN__DUPLICATE_METHOD_MATCH = YES;
				"CODE_SIGN_IDENTITY[sdk=iphoneos*]" = "iPhone Developer";
				COPY_PHASE_STRIP = NO;
				DEBUG_INFORMATION_FORMAT = dwarf;
				ENABLE_STRICT_OBJC_MSGSEND = YES;
				ENABLE_TESTABILITY = YES;
				GCC_C_LANGUAGE_STANDARD = gnu99;
				GCC_DYNAMIC_NO_PIC = NO;
				GCC_NO_COMMON_BLOCKS = YES;
				GCC_OPTIMIZATION_LEVEL = 0;
				GCC_PREPROCESSOR_DEFINITIONS = (
					"DEBUG=1",
					"$(inherited)",
				);
				GCC_WARN_64_TO_32_BIT_CONVERSION = YES;
				GCC_WARN_ABOUT_RETURN_TYPE = YES_ERROR;
				GCC_WARN_UNDECLARED_SELECTOR = YES;
				GCC_WARN_UNINITIALIZED_AUTOS = YES_AGGRESSIVE;
				GCC_WARN_UNUSED_FUNCTION = YES;
				GCC_WARN_UNUSED_VARIABLE = YES;
				IPHONEOS_DEPLOYMENT_TARGET = 10.2;
				MTL_ENABLE_DEBUG_INFO = YES;
				ONLY_ACTIVE_ARCH = YES;
				SDKROOT = iphoneos;
				SWIFT_ACTIVE_COMPILATION_CONDITIONS = DEBUG;
				SWIFT_OPTIMIZATION_LEVEL = "-Onone";
			};
			name = Debug;
		};
		BD77445C1E625DAF00B294DB /* Release */ = {
			isa = XCBuildConfiguration;
			buildSettings = {
				ALWAYS_SEARCH_USER_PATHS = NO;
				CLANG_ANALYZER_NONNULL = YES;
				CLANG_CXX_LANGUAGE_STANDARD = "gnu++0x";
				CLANG_CXX_LIBRARY = "libc++";
				CLANG_ENABLE_MODULES = YES;
				CLANG_ENABLE_OBJC_ARC = YES;
				CLANG_WARN_BOOL_CONVERSION = YES;
				CLANG_WARN_CONSTANT_CONVERSION = YES;
				CLANG_WARN_DIRECT_OBJC_ISA_USAGE = YES_ERROR;
				CLANG_WARN_DOCUMENTATION_COMMENTS = YES;
				CLANG_WARN_EMPTY_BODY = YES;
				CLANG_WARN_ENUM_CONVERSION = YES;
				CLANG_WARN_INFINITE_RECURSION = YES;
				CLANG_WARN_INT_CONVERSION = YES;
				CLANG_WARN_OBJC_ROOT_CLASS = YES_ERROR;
				CLANG_WARN_SUSPICIOUS_MOVE = YES;
				CLANG_WARN_UNREACHABLE_CODE = YES;
				CLANG_WARN__DUPLICATE_METHOD_MATCH = YES;
				"CODE_SIGN_IDENTITY[sdk=iphoneos*]" = "iPhone Developer";
				COPY_PHASE_STRIP = NO;
				DEBUG_INFORMATION_FORMAT = "dwarf-with-dsym";
				ENABLE_NS_ASSERTIONS = NO;
				ENABLE_STRICT_OBJC_MSGSEND = YES;
				GCC_C_LANGUAGE_STANDARD = gnu99;
				GCC_NO_COMMON_BLOCKS = YES;
				GCC_WARN_64_TO_32_BIT_CONVERSION = YES;
				GCC_WARN_ABOUT_RETURN_TYPE = YES_ERROR;
				GCC_WARN_UNDECLARED_SELECTOR = YES;
				GCC_WARN_UNINITIALIZED_AUTOS = YES_AGGRESSIVE;
				GCC_WARN_UNUSED_FUNCTION = YES;
				GCC_WARN_UNUSED_VARIABLE = YES;
				IPHONEOS_DEPLOYMENT_TARGET = 10.2;
				MTL_ENABLE_DEBUG_INFO = NO;
				SDKROOT = iphoneos;
				SWIFT_OPTIMIZATION_LEVEL = "-Owholemodule";
				VALIDATE_PRODUCT = YES;
			};
			name = Release;
		};
		BD77445E1E625DAF00B294DB /* Debug */ = {
			isa = XCBuildConfiguration;
			buildSettings = {
				ASSETCATALOG_COMPILER_APPICON_NAME = AppIcon;
				DEVELOPMENT_TEAM = 62B42V52L5;
				INFOPLIST_FILE = pinter/Info.plist;
				IPHONEOS_DEPLOYMENT_TARGET = 9.0;
				LD_RUNPATH_SEARCH_PATHS = "$(inherited) @executable_path/Frameworks";
				PRODUCT_BUNDLE_IDENTIFIER = net.toosaa.pinter;
				PRODUCT_NAME = "$(TARGET_NAME)";
				SWIFT_VERSION = 3.0;
			};
			name = Debug;
		};
		BD77445F1E625DAF00B294DB /* Release */ = {
			isa = XCBuildConfiguration;
			buildSettings = {
				ASSETCATALOG_COMPILER_APPICON_NAME = AppIcon;
				DEVELOPMENT_TEAM = 62B42V52L5;
				INFOPLIST_FILE = pinter/Info.plist;
				IPHONEOS_DEPLOYMENT_TARGET = 9.0;
				LD_RUNPATH_SEARCH_PATHS = "$(inherited) @executable_path/Frameworks";
				PRODUCT_BUNDLE_IDENTIFIER = net.toosaa.pinter;
				PRODUCT_NAME = "$(TARGET_NAME)";
				SWIFT_VERSION = 3.0;
			};
			name = Release;
		};
/* End XCBuildConfiguration section */

/* Begin XCConfigurationList section */
		BD7744461E625DAF00B294DB /* Build configuration list for PBXProject "pinter" */ = {
			isa = XCConfigurationList;
			buildConfigurations = (
				BD77445B1E625DAF00B294DB /* Debug */,
				BD77445C1E625DAF00B294DB /* Release */,
			);
			defaultConfigurationIsVisible = 0;
			defaultConfigurationName = Release;
		};
		BD77445D1E625DAF00B294DB /* Build configuration list for PBXNativeTarget "pinter" */ = {
			isa = XCConfigurationList;
			buildConfigurations = (
				BD77445E1E625DAF00B294DB /* Debug */,
				BD77445F1E625DAF00B294DB /* Release */,
			);
			defaultConfigurationIsVisible = 0;
		};
/* End XCConfigurationList section */
	};
	rootObject = BD7744431E625DAF00B294DB /* Project object */;
}
